
Microsoft Visual Studio Solution File, Format Version 12.00
# Visual Studio Version 17
VisualStudioVersion = 17.7.34018.315
MinimumVisualStudioVersion = 10.0.40219.1
Project("{FAE04EC0-301F-11D3-BF4B-00C04F79EFBC}") = "Uppgift2.2", "Uppgift2.2\Uppgift2.2.csproj", "{CAD5D3C7-C8F5-4E23-9015-B78C6BC18312}"
EndProject
Global
	GlobalSection(SolutionConfigurationPlatforms) = preSolution
		Debug|Any CPU = Debug|Any CPU
		Release|Any CPU = Release|Any CPU
	EndGlobalSection
	GlobalSection(ProjectConfigurationPlatforms) = postSolution
		{CAD5D3C7-C8F5-4E23-9015-B78C6BC18312}.Debug|Any CPU.ActiveCfg = Debug|Any CPU
		{CAD5D3C7-C8F5-4E23-9015-B78C6BC18312}.Debug|Any CPU.Build.0 = Debug|Any CPU
		{CAD5D3C7-C8F5-4E23-9015-B78C6BC18312}.Release|Any CPU.ActiveCfg = Release|Any CPU
		{CAD5D3C7-C8F5-4E23-9015-B78C6BC18312}.Release|Any CPU.Build.0 = Release|Any CPU
	EndGlobalSection
	GlobalSection(SolutionProperties) = preSolution
		HideSolutionNode = FALSE
	EndGlobalSection
	GlobalSection(ExtensibilityGlobals) = postSolution
		SolutionGuid = {8969D855-0717-4EDB-A90F-2C552CFDFF47}
	EndGlobalSection
EndGlobal
